
Microsoft Visual Studio Solution File, Format Version 12.00
# Visual Studio Version 17
VisualStudioVersion = 17.14.36603.0
MinimumVisualStudioVersion = 10.0.40219.1
Project("{FAE04EC0-301F-11D3-BF4B-00C04F79EFBC}") = "API", "API\API.csproj", "{4338CDD6-79DB-4087-95CE-3DA3B1489408}"
EndProject
Project("{FAE04EC0-301F-11D3-BF4B-00C04F79EFBC}") = "Domain", "Domain\Domain.csproj", "{3C9AB082-46CB-430B-B85B-42BAACF82E3D}"
EndProject
Project("{FAE04EC0-301F-11D3-BF4B-00C04F79EFBC}") = "Application", "Application\Application.csproj", "{6D25E4CE-BE81-4EEE-ADE2-9759065E189E}"
EndProject
Project("{FAE04EC0-301F-11D3-BF4B-00C04F79EFBC}") = "Infrastructure", "Infrastructure\Infrastructure.csproj", "{C7EFF888-49C8-4644-8C22-C66F6B0AB8B6}"
EndProject
Project("{FAE04EC0-301F-11D3-BF4B-00C04F79EFBC}") = "Test", "Test\Test.csproj", "{D9237213-3D5B-49F4-8B81-D7E2715D8C89}"
EndProject
Global
	GlobalSection(SolutionConfigurationPlatforms) = preSolution
		Debug|Any CPU = Debug|Any CPU
		Release|Any CPU = Release|Any CPU
	EndGlobalSection
	GlobalSection(ProjectConfigurationPlatforms) = postSolution
		{4338CDD6-79DB-4087-95CE-3DA3B1489408}.Debug|Any CPU.ActiveCfg = Debug|Any CPU
		{4338CDD6-79DB-4087-95CE-3DA3B1489408}.Debug|Any CPU.Build.0 = Debug|Any CPU
		{4338CDD6-79DB-4087-95CE-3DA3B1489408}.Release|Any CPU.ActiveCfg = Release|Any CPU
		{4338CDD6-79DB-4087-95CE-3DA3B1489408}.Release|Any CPU.Build.0 = Release|Any CPU
		{3C9AB082-46CB-430B-B85B-42BAACF82E3D}.Debug|Any CPU.ActiveCfg = Debug|Any CPU
		{3C9AB082-46CB-430B-B85B-42BAACF82E3D}.Debug|Any CPU.Build.0 = Debug|Any CPU
		{3C9AB082-46CB-430B-B85B-42BAACF82E3D}.Release|Any CPU.ActiveCfg = Release|Any CPU
		{3C9AB082-46CB-430B-B85B-42BAACF82E3D}.Release|Any CPU.Build.0 = Release|Any CPU
		{6D25E4CE-BE81-4EEE-ADE2-9759065E189E}.Debug|Any CPU.ActiveCfg = Debug|Any CPU
		{6D25E4CE-BE81-4EEE-ADE2-9759065E189E}.Debug|Any CPU.Build.0 = Debug|Any CPU
		{6D25E4CE-BE81-4EEE-ADE2-9759065E189E}.Release|Any CPU.ActiveCfg = Release|Any CPU
		{6D25E4CE-BE81-4EEE-ADE2-9759065E189E}.Release|Any CPU.Build.0 = Release|Any CPU
		{C7EFF888-49C8-4644-8C22-C66F6B0AB8B6}.Debug|Any CPU.ActiveCfg = Debug|Any CPU
		{C7EFF888-49C8-4644-8C22-C66F6B0AB8B6}.Debug|Any CPU.Build.0 = Debug|Any CPU
		{C7EFF888-49C8-4644-8C22-C66F6B0AB8B6}.Release|Any CPU.ActiveCfg = Release|Any CPU
		{C7EFF888-49C8-4644-8C22-C66F6B0AB8B6}.Release|Any CPU.Build.0 = Release|Any CPU
		{D9237213-3D5B-49F4-8B81-D7E2715D8C89}.Debug|Any CPU.ActiveCfg = Debug|Any CPU
		{D9237213-3D5B-49F4-8B81-D7E2715D8C89}.Debug|Any CPU.Build.0 = Debug|Any CPU
		{D9237213-3D5B-49F4-8B81-D7E2715D8C89}.Release|Any CPU.ActiveCfg = Release|Any CPU
		{D9237213-3D5B-49F4-8B81-D7E2715D8C89}.Release|Any CPU.Build.0 = Release|Any CPU
	EndGlobalSection
	GlobalSection(SolutionProperties) = preSolution
		HideSolutionNode = FALSE
	EndGlobalSection
	GlobalSection(ExtensibilityGlobals) = postSolution
		SolutionGuid = {E05457BF-CC29-4123-B19D-C41FCCB63508}
	EndGlobalSection
EndGlobal
